
Microsoft Visual Studio Solution File, Format Version 12.00
# Visual Studio 2013
VisualStudioVersion = 12.0.40629.0
MinimumVisualStudioVersion = 10.0.40219.1
Project("{FAE04EC0-301F-11D3-BF4B-00C04F79EFBC}") = "OpenCV.Binding", "OpenCV.Binding\OpenCV.Binding.csproj", "{3675B5A0-535B-4CFB-B523-ED60837278B9}"
EndProject
Project("{FAE04EC0-301F-11D3-BF4B-00C04F79EFBC}") = "OpenCV.SDKDemo", "OpenCV.SDKDemo\OpenCV.SDKDemo.csproj", "{F0880AD6-6B72-458A-BE06-A300907B41B3}"
EndProject
Global
	GlobalSection(SolutionConfigurationPlatforms) = preSolution
		Debug|Any CPU = Debug|Any CPU
		Debug|arm64-v8a = Debug|arm64-v8a
		Debug|armeabi = Debug|armeabi
		Debug|armeabi-v7a = Debug|armeabi-v7a
		Debug|None = Debug|None
		Debug|x86 = Debug|x86
		Debug|x86_64 = Debug|x86_64
		Release|Any CPU = Release|Any CPU
		Release|arm64-v8a = Release|arm64-v8a
		Release|armeabi = Release|armeabi
		Release|armeabi-v7a = Release|armeabi-v7a
		Release|None = Release|None
		Release|x86 = Release|x86
		Release|x86_64 = Release|x86_64
	EndGlobalSection
	GlobalSection(ProjectConfigurationPlatforms) = postSolution
		{3675B5A0-535B-4CFB-B523-ED60837278B9}.Debug|Any CPU.ActiveCfg = Debug|Any CPU
		{3675B5A0-535B-4CFB-B523-ED60837278B9}.Debug|Any CPU.Build.0 = Debug|Any CPU
		{3675B5A0-535B-4CFB-B523-ED60837278B9}.Debug|arm64-v8a.ActiveCfg = Debug|arm64-v8a
		{3675B5A0-535B-4CFB-B523-ED60837278B9}.Debug|arm64-v8a.Build.0 = Debug|arm64-v8a
		{3675B5A0-535B-4CFB-B523-ED60837278B9}.Debug|armeabi.ActiveCfg = Debug|armeabi
		{3675B5A0-535B-4CFB-B523-ED60837278B9}.Debug|armeabi.Build.0 = Debug|armeabi
		{3675B5A0-535B-4CFB-B523-ED60837278B9}.Debug|armeabi-v7a.ActiveCfg = Debug|armeabi-v7a
		{3675B5A0-535B-4CFB-B523-ED60837278B9}.Debug|armeabi-v7a.Build.0 = Debug|armeabi-v7a
		{3675B5A0-535B-4CFB-B523-ED60837278B9}.Debug|None.ActiveCfg = Debug|None
		{3675B5A0-535B-4CFB-B523-ED60837278B9}.Debug|None.Build.0 = Debug|None
		{3675B5A0-535B-4CFB-B523-ED60837278B9}.Debug|x86.ActiveCfg = Debug|x86
		{3675B5A0-535B-4CFB-B523-ED60837278B9}.Debug|x86.Build.0 = Debug|x86
		{3675B5A0-535B-4CFB-B523-ED60837278B9}.Debug|x86_64.ActiveCfg = Debug|x86_64
		{3675B5A0-535B-4CFB-B523-ED60837278B9}.Debug|x86_64.Build.0 = Debug|x86_64
		{3675B5A0-535B-4CFB-B523-ED60837278B9}.Release|Any CPU.ActiveCfg = Release|Any CPU
		{3675B5A0-535B-4CFB-B523-ED60837278B9}.Release|Any CPU.Build.0 = Release|Any CPU
		{3675B5A0-535B-4CFB-B523-ED60837278B9}.Release|arm64-v8a.ActiveCfg = Release|arm64-v8a
		{3675B5A0-535B-4CFB-B523-ED60837278B9}.Release|arm64-v8a.Build.0 = Release|arm64-v8a
		{3675B5A0-535B-4CFB-B523-ED60837278B9}.Release|armeabi.ActiveCfg = Release|armeabi
		{3675B5A0-535B-4CFB-B523-ED60837278B9}.Release|armeabi.Build.0 = Release|armeabi
		{3675B5A0-535B-4CFB-B523-ED60837278B9}.Release|armeabi-v7a.ActiveCfg = Release|armeabi-v7a
		{3675B5A0-535B-4CFB-B523-ED60837278B9}.Release|armeabi-v7a.Build.0 = Release|armeabi-v7a
		{3675B5A0-535B-4CFB-B523-ED60837278B9}.Release|None.ActiveCfg = Release|None
		{3675B5A0-535B-4CFB-B523-ED60837278B9}.Release|None.Build.0 = Release|None
		{3675B5A0-535B-4CFB-B523-ED60837278B9}.Release|x86.ActiveCfg = Release|x86
		{3675B5A0-535B-4CFB-B523-ED60837278B9}.Release|x86.Build.0 = Release|x86
		{3675B5A0-535B-4CFB-B523-ED60837278B9}.Release|x86_64.ActiveCfg = Release|x86_64
		{3675B5A0-535B-4CFB-B523-ED60837278B9}.Release|x86_64.Build.0 = Release|x86_64
		{F0880AD6-6B72-458A-BE06-A300907B41B3}.Debug|Any CPU.ActiveCfg = Debug|Any CPU
		{F0880AD6-6B72-458A-BE06-A300907B41B3}.Debug|Any CPU.Build.0 = Debug|Any CPU
		{F0880AD6-6B72-458A-BE06-A300907B41B3}.Debug|Any CPU.Deploy.0 = Debug|Any CPU
		{F0880AD6-6B72-458A-BE06-A300907B41B3}.Debug|arm64-v8a.ActiveCfg = Debug|Any CPU
		{F0880AD6-6B72-458A-BE06-A300907B41B3}.Debug|arm64-v8a.Build.0 = Debug|Any CPU
		{F0880AD6-6B72-458A-BE06-A300907B41B3}.Debug|arm64-v8a.Deploy.0 = Debug|Any CPU
		{F0880AD6-6B72-458A-BE06-A300907B41B3}.Debug|armeabi.ActiveCfg = Debug|Any CPU
		{F0880AD6-6B72-458A-BE06-A300907B41B3}.Debug|armeabi.Build.0 = Debug|Any CPU
		{F0880AD6-6B72-458A-BE06-A300907B41B3}.Debug|armeabi.Deploy.0 = Debug|Any CPU
		{F0880AD6-6B72-458A-BE06-A300907B41B3}.Debug|armeabi-v7a.ActiveCfg = Debug|Any CPU
		{F0880AD6-6B72-458A-BE06-A300907B41B3}.Debug|armeabi-v7a.Build.0 = Debug|Any CPU
		{F0880AD6-6B72-458A-BE06-A300907B41B3}.Debug|armeabi-v7a.Deploy.0 = Debug|Any CPU
		{F0880AD6-6B72-458A-BE06-A300907B41B3}.Debug|None.ActiveCfg = Debug|Any CPU
		{F0880AD6-6B72-458A-BE06-A300907B41B3}.Debug|None.Build.0 = Debug|Any CPU
		{F0880AD6-6B72-458A-BE06-A300907B41B3}.Debug|None.Deploy.0 = Debug|Any CPU
		{F0880AD6-6B72-458A-BE06-A300907B41B3}.Debug|x86.ActiveCfg = Debug|Any CPU
		{F0880AD6-6B72-458A-BE06-A300907B41B3}.Debug|x86.Build.0 = Debug|Any CPU
		{F0880AD6-6B72-458A-BE06-A300907B41B3}.Debug|x86.Deploy.0 = Debug|Any CPU
		{F0880AD6-6B72-458A-BE06-A300907B41B3}.Debug|x86_64.ActiveCfg = Debug|Any CPU
		{F0880AD6-6B72-458A-BE06-A300907B41B3}.Debug|x86_64.Build.0 = Debug|Any CPU
		{F0880AD6-6B72-458A-BE06-A300907B41B3}.Debug|x86_64.Deploy.0 = Debug|Any CPU
		{F0880AD6-6B72-458A-BE06-A300907B41B3}.Release|Any CPU.ActiveCfg = Release|Any CPU
		{F0880AD6-6B72-458A-BE06-A300907B41B3}.Release|Any CPU.Build.0 = Release|Any CPU
		{F0880AD6-6B72-458A-BE06-A300907B41B3}.Release|Any CPU.Deploy.0 = Release|Any CPU
		{F0880AD6-6B72-458A-BE06-A300907B41B3}.Release|arm64-v8a.ActiveCfg = Release|Any CPU
		{F0880AD6-6B72-458A-BE06-A300907B41B3}.Release|arm64-v8a.Build.0 = Release|Any CPU
		{F0880AD6-6B72-458A-BE06-A300907B41B3}.Release|arm64-v8a.Deploy.0 = Release|Any CPU
		{F0880AD6-6B72-458A-BE06-A300907B41B3}.Release|armeabi.ActiveCfg = Release|Any CPU
		{F0880AD6-6B72-458A-BE06-A300907B41B3}.Release|armeabi.Build.0 = Release|Any CPU
		{F0880AD6-6B72-458A-BE06-A300907B41B3}.Release|armeabi.Deploy.0 = Release|Any CPU
		{F0880AD6-6B72-458A-BE06-A300907B41B3}.Release|armeabi-v7a.ActiveCfg = Release|Any CPU
		{F0880AD6-6B72-458A-BE06-A300907B41B3}.Release|armeabi-v7a.Build.0 = Release|Any CPU
		{F0880AD6-6B72-458A-BE06-A300907B41B3}.Release|armeabi-v7a.Deploy.0 = Release|Any CPU
		{F0880AD6-6B72-458A-BE06-A300907B41B3}.Release|None.ActiveCfg = Release|Any CPU
		{F0880AD6-6B72-458A-BE06-A300907B41B3}.Release|None.Build.0 = Release|Any CPU
		{F0880AD6-6B72-458A-BE06-A300907B41B3}.Release|None.Deploy.0 = Release|Any CPU
		{F0880AD6-6B72-458A-BE06-A300907B41B3}.Release|x86.ActiveCfg = Release|Any CPU
		{F0880AD6-6B72-458A-BE06-A300907B41B3}.Release|x86.Build.0 = Release|Any CPU
		{F0880AD6-6B72-458A-BE06-A300907B41B3}.Release|x86.Deploy.0 = Release|Any CPU
		{F0880AD6-6B72-458A-BE06-A300907B41B3}.Release|x86_64.ActiveCfg = Release|Any CPU
		{F0880AD6-6B72-458A-BE06-A300907B41B3}.Release|x86_64.Build.0 = Release|Any CPU
		{F0880AD6-6B72-458A-BE06-A300907B41B3}.Release|x86_64.Deploy.0 = Release|Any CPU
	EndGlobalSection
	GlobalSection(SolutionProperties) = preSolution
		HideSolutionNode = FALSE
	EndGlobalSection
EndGlobal
